
Microsoft Visual Studio Solution File, Format Version 12.00
# Visual Studio Version 17
VisualStudioVersion = 17.3.32825.248
MinimumVisualStudioVersion = 10.0.40219.1
Project("{FAE04EC0-301F-11D3-BF4B-00C04F79EFBC}") = "EPMusic2.0", "EPMusic2.0\EPMusic2.0.csproj", "{FE146614-1D11-4D60-989E-1AD9FD579526}"
EndProject
Global
	GlobalSection(SolutionConfigurationPlatforms) = preSolution
		Debug|Any CPU = Debug|Any CPU
		Release|Any CPU = Release|Any CPU
	EndGlobalSection
	GlobalSection(ProjectConfigurationPlatforms) = postSolution
		{FE146614-1D11-4D60-989E-1AD9FD579526}.Debug|Any CPU.ActiveCfg = Debug|Any CPU
		{FE146614-1D11-4D60-989E-1AD9FD579526}.Debug|Any CPU.Build.0 = Debug|Any CPU
		{FE146614-1D11-4D60-989E-1AD9FD579526}.Release|Any CPU.ActiveCfg = Release|Any CPU
		{FE146614-1D11-4D60-989E-1AD9FD579526}.Release|Any CPU.Build.0 = Release|Any CPU
	EndGlobalSection
	GlobalSection(SolutionProperties) = preSolution
		HideSolutionNode = FALSE
	EndGlobalSection
	GlobalSection(ExtensibilityGlobals) = postSolution
		SolutionGuid = {089639DE-40A4-4575-8C74-518A34DCEB22}
	EndGlobalSection
EndGlobal
